// !$*UTF8*$!
{
	archiveVersion = 1;
	classes = {
	};
	objectVersion = 56;
	objects = {

/* Begin PBXBuildFile section */
		C45F9ACF2999B9BE00C0D0E1 /* AppDelegate.swift in Sources */ = {isa = PBXBuildFile; fileRef = C45F9ACE2999B9BE00C0D0E1 /* AppDelegate.swift */; };
		C45F9AD12999B9BE00C0D0E1 /* SceneDelegate.swift in Sources */ = {isa = PBXBuildFile; fileRef = C45F9AD02999B9BE00C0D0E1 /* SceneDelegate.swift */; };
		C45F9AD32999B9BE00C0D0E1 /* ViewController.swift in Sources */ = {isa = PBXBuildFile; fileRef = C45F9AD22999B9BE00C0D0E1 /* ViewController.swift */; };
		C45F9AD62999B9BE00C0D0E1 /* Main.storyboard in Resources */ = {isa = PBXBuildFile; fileRef = C45F9AD42999B9BE00C0D0E1 /* Main.storyboard */; };
		C45F9AD82999B9BE00C0D0E1 /* Assets.xcassets in Resources */ = {isa = PBXBuildFile; fileRef = C45F9AD72999B9BE00C0D0E1 /* Assets.xcassets */; };
		C45F9ADB2999B9BE00C0D0E1 /* LaunchScreen.storyboard in Resources */ = {isa = PBXBuildFile; fileRef = C45F9AD92999B9BE00C0D0E1 /* LaunchScreen.storyboard */; };
		C45F9AE62999B9BF00C0D0E1 /* alarmTests.swift in Sources */ = {isa = PBXBuildFile; fileRef = C45F9AE52999B9BF00C0D0E1 /* alarmTests.swift */; };
		C45F9AF02999B9BF00C0D0E1 /* alarmUITests.swift in Sources */ = {isa = PBXBuildFile; fileRef = C45F9AEF2999B9BF00C0D0E1 /* alarmUITests.swift */; };
		C45F9AF22999B9BF00C0D0E1 /* alarmUITestsLaunchTests.swift in Sources */ = {isa = PBXBuildFile; fileRef = C45F9AF12999B9BF00C0D0E1 /* alarmUITestsLaunchTests.swift */; };
		C45F9B032999C5A500C0D0E1 /* Stan.mp3 in Resources */ = {isa = PBXBuildFile; fileRef = C45F9B022999C5A500C0D0E1 /* Stan.mp3 */; };
/* End PBXBuildFile section */

/* Begin PBXContainerItemProxy section */
		C45F9AE22999B9BF00C0D0E1 /* PBXContainerItemProxy */ = {
			isa = PBXContainerItemProxy;
			containerPortal = C45F9AC32999B9BD00C0D0E1 /* Project object */;
			proxyType = 1;
			remoteGlobalIDString = C45F9ACA2999B9BE00C0D0E1;
			remoteInfo = alarm;
		};
		C45F9AEC2999B9BF00C0D0E1 /* PBXContainerItemProxy */ = {
			isa = PBXContainerItemProxy;
			containerPortal = C45F9AC32999B9BD00C0D0E1 /* Project object */;
			proxyType = 1;
			remoteGlobalIDString = C45F9ACA2999B9BE00C0D0E1;
			remoteInfo = alarm;
		};
/* End PBXContainerItemProxy section */

/* Begin PBXFileReference section */
		C45F9ACB2999B9BE00C0D0E1 /* alarm.app */ = {isa = PBXFileReference; explicitFileType = wrapper.application; includeInIndex = 0; path = alarm.app; sourceTree = BUILT_PRODUCTS_DIR; };
		C45F9ACE2999B9BE00C0D0E1 /* AppDelegate.swift */ = {isa = PBXFileReference; lastKnownFileType = sourcecode.swift; path = AppDelegate.swift; sourceTree = "<group>"; };
		C45F9AD02999B9BE00C0D0E1 /* SceneDelegate.swift */ = {isa = PBXFileReference; lastKnownFileType = sourcecode.swift; path = SceneDelegate.swift; sourceTree = "<group>"; };
		C45F9AD22999B9BE00C0D0E1 /* ViewController.swift */ = {isa = PBXFileReference; lastKnownFileType = sourcecode.swift; path = ViewController.swift; sourceTree = "<group>"; };
		C45F9AD52999B9BE00C0D0E1 /* Base */ = {isa = PBXFileReference; lastKnownFileType = file.storyboard; name = Base; path = Base.lproj/Main.storyboard; sourceTree = "<group>"; };
		C45F9AD72999B9BE00C0D0E1 /* Assets.xcassets */ = {isa = PBXFileReference; lastKnownFileType = folder.assetcatalog; path = Assets.xcassets; sourceTree = "<group>"; };
		C45F9ADA2999B9BE00C0D0E1 /* Base */ = {isa = PBXFileReference; lastKnownFileType = file.storyboard; name = Base; path = Base.lproj/LaunchScreen.storyboard; sourceTree = "<group>"; };
		C45F9ADC2999B9BE00C0D0E1 /* Info.plist */ = {isa = PBXFileReference; lastKnownFileType = text.plist.xml; path = Info.plist; sourceTree = "<group>"; };
		C45F9AE12999B9BF00C0D0E1 /* alarmTests.xctest */ = {isa = PBXFileReference; explicitFileType = wrapper.cfbundle; includeInIndex = 0; path = alarmTests.xctest; sourceTree = BUILT_PRODUCTS_DIR; };
		C45F9AE52999B9BF00C0D0E1 /* alarmTests.swift */ = {isa = PBXFileReference; lastKnownFileType = sourcecode.swift; path = alarmTests.swift; sourceTree = "<group>"; };
		C45F9AEB2999B9BF00C0D0E1 /* alarmUITests.xctest */ = {isa = PBXFileReference; explicitFileType = wrapper.cfbundle; includeInIndex = 0; path = alarmUITests.xctest; sourceTree = BUILT_PRODUCTS_DIR; };
		C45F9AEF2999B9BF00C0D0E1 /* alarmUITests.swift */ = {isa = PBXFileReference; lastKnownFileType = sourcecode.swift; path = alarmUITests.swift; sourceTree = "<group>"; };
		C45F9AF12999B9BF00C0D0E1 /* alarmUITestsLaunchTests.swift */ = {isa = PBXFileReference; lastKnownFileType = sourcecode.swift; path = alarmUITestsLaunchTests.swift; sourceTree = "<group>"; };
		C45F9B022999C5A500C0D0E1 /* Stan.mp3 */ = {isa = PBXFileReference; lastKnownFileType = audio.mp3; name = Stan.mp3; path = "../../../../Music/Music/Media.localized/Music/Unknown Artist/Unknown Album/Stan.mp3"; sourceTree = "<group>"; };
/* End PBXFileReference section */

/* Begin PBXFrameworksBuildPhase section */
		C45F9AC82999B9BE00C0D0E1 /* Frameworks */ = {
			isa = PBXFrameworksBuildPhase;
			buildActionMask = 2147483647;
			files = (
			);
			runOnlyForDeploymentPostprocessing = 0;
		};
		C45F9ADE2999B9BF00C0D0E1 /* Frameworks */ = {
			isa = PBXFrameworksBuildPhase;
			buildActionMask = 2147483647;
			files = (
			);
			runOnlyForDeploymentPostprocessing = 0;
		};
		C45F9AE82999B9BF00C0D0E1 /* Frameworks */ = {
			isa = PBXFrameworksBuildPhase;
			buildActionMask = 2147483647;
			files = (
			);
			runOnlyForDeploymentPostprocessing = 0;
		};
/* End PBXFrameworksBuildPhase section */

/* Begin PBXGroup section */
		C45F9AC22999B9BD00C0D0E1 = {
			isa = PBXGroup;
			children = (
				C45F9ACD2999B9BE00C0D0E1 /* alarm */,
				C45F9AE42999B9BF00C0D0E1 /* alarmTests */,
				C45F9AEE2999B9BF00C0D0E1 /* alarmUITests */,
				C45F9ACC2999B9BE00C0D0E1 /* Products */,
			);
			sourceTree = "<group>";
		};
		C45F9ACC2999B9BE00C0D0E1 /* Products */ = {
			isa = PBXGroup;
			children = (
				C45F9ACB2999B9BE00C0D0E1 /* alarm.app */,
				C45F9AE12999B9BF00C0D0E1 /* alarmTests.xctest */,
				C45F9AEB2999B9BF00C0D0E1 /* alarmUITests.xctest */,
			);
			name = Products;
			sourceTree = "<group>";
		};
		C45F9ACD2999B9BE00C0D0E1 /* alarm */ = {
			isa = PBXGroup;
			children = (
				C45F9ACE2999B9BE00C0D0E1 /* AppDelegate.swift */,
				C45F9AD02999B9BE00C0D0E1 /* SceneDelegate.swift */,
				C45F9AD22999B9BE00C0D0E1 /* ViewController.swift */,
				C45F9B022999C5A500C0D0E1 /* Stan.mp3 */,
				C45F9AD42999B9BE00C0D0E1 /* Main.storyboard */,
				C45F9AD72999B9BE00C0D0E1 /* Assets.xcassets */,
				C45F9AD92999B9BE00C0D0E1 /* LaunchScreen.storyboard */,
				C45F9ADC2999B9BE00C0D0E1 /* Info.plist */,
			);
			path = alarm;
			sourceTree = "<group>";
		};
		C45F9AE42999B9BF00C0D0E1 /* alarmTests */ = {
			isa = PBXGroup;
			children = (
				C45F9AE52999B9BF00C0D0E1 /* alarmTests.swift */,
			);
			path = alarmTests;
			sourceTree = "<group>";
		};
		C45F9AEE2999B9BF00C0D0E1 /* alarmUITests */ = {
			isa = PBXGroup;
			children = (
				C45F9AEF2999B9BF00C0D0E1 /* alarmUITests.swift */,
				C45F9AF12999B9BF00C0D0E1 /* alarmUITestsLaunchTests.swift */,
			);
			path = alarmUITests;
			sourceTree = "<group>";
		};
/* End PBXGroup section */

/* Begin PBXNativeTarget section */
		C45F9ACA2999B9BE00C0D0E1 /* alarm */ = {
			isa = PBXNativeTarget;
			buildConfigurationList = C45F9AF52999B9BF00C0D0E1 /* Build configuration list for PBXNativeTarget "alarm" */;
			buildPhases = (
				C45F9AC72999B9BE00C0D0E1 /* Sources */,
				C45F9AC82999B9BE00C0D0E1 /* Frameworks */,
				C45F9AC92999B9BE00C0D0E1 /* Resources */,
			);
			buildRules = (
			);
			dependencies = (
			);
			name = alarm;
			productName = alarm;
			productReference = C45F9ACB2999B9BE00C0D0E1 /* alarm.app */;
			productType = "com.apple.product-type.application";
		};
		C45F9AE02999B9BF00C0D0E1 /* alarmTests */ = {
			isa = PBXNativeTarget;
			buildConfigurationList = C45F9AF82999B9BF00C0D0E1 /* Build configuration list for PBXNativeTarget "alarmTests" */;
			buildPhases = (
				C45F9ADD2999B9BF00C0D0E1 /* Sources */,
				C45F9ADE2999B9BF00C0D0E1 /* Frameworks */,
				C45F9ADF2999B9BF00C0D0E1 /* Resources */,
			);
			buildRules = (
			);
			dependencies = (
				C45F9AE32999B9BF00C0D0E1 /* PBXTargetDependency */,
			);
			name = alarmTests;
			productName = alarmTests;
			productReference = C45F9AE12999B9BF00C0D0E1 /* alarmTests.xctest */;
			productType = "com.apple.product-type.bundle.unit-test";
		};
		C45F9AEA2999B9BF00C0D0E1 /* alarmUITests */ = {
			isa = PBXNativeTarget;
			buildConfigurationList = C45F9AFB2999B9BF00C0D0E1 /* Build configuration list for PBXNativeTarget "alarmUITests" */;
			buildPhases = (
				C45F9AE72999B9BF00C0D0E1 /* Sources */,
				C45F9AE82999B9BF00C0D0E1 /* Frameworks */,
				C45F9AE92999B9BF00C0D0E1 /* Resources */,
			);
			buildRules = (
			);
			dependencies = (
				C45F9AED2999B9BF00C0D0E1 /* PBXTargetDependency */,
			);
			name = alarmUITests;
			productName = alarmUITests;
			productReference = C45F9AEB2999B9BF00C0D0E1 /* alarmUITests.xctest */;
			productType = "com.apple.product-type.bundle.ui-testing";
		};
/* End PBXNativeTarget section */

/* Begin PBXProject section */
		C45F9AC32999B9BD00C0D0E1 /* Project object */ = {
			isa = PBXProject;
			attributes = {
				BuildIndependentTargetsInParallel = 1;
				LastSwiftUpdateCheck = 1420;
				LastUpgradeCheck = 1420;
				TargetAttributes = {
					C45F9ACA2999B9BE00C0D0E1 = {
						CreatedOnToolsVersion = 14.2;
					};
					C45F9AE02999B9BF00C0D0E1 = {
						CreatedOnToolsVersion = 14.2;
						TestTargetID = C45F9ACA2999B9BE00C0D0E1;
					};
					C45F9AEA2999B9BF00C0D0E1 = {
						CreatedOnToolsVersion = 14.2;
						TestTargetID = C45F9ACA2999B9BE00C0D0E1;
					};
				};
			};
			buildConfigurationList = C45F9AC62999B9BD00C0D0E1 /* Build configuration list for PBXProject "alarm" */;
			compatibilityVersion = "Xcode 14.0";
			developmentRegion = en;
			hasScannedForEncodings = 0;
			knownRegions = (
				en,
				Base,
			);
			mainGroup = C45F9AC22999B9BD00C0D0E1;
			productRefGroup = C45F9ACC2999B9BE00C0D0E1 /* Products */;
			projectDirPath = "";
			projectRoot = "";
			targets = (
				C45F9ACA2999B9BE00C0D0E1 /* alarm */,
				C45F9AE02999B9BF00C0D0E1 /* alarmTests */,
				C45F9AEA2999B9BF00C0D0E1 /* alarmUITests */,
			);
		};
/* End PBXProject section */

/* Begin PBXResourcesBuildPhase section */
		C45F9AC92999B9BE00C0D0E1 /* Resources */ = {
			isa = PBXResourcesBuildPhase;
			buildActionMask = 2147483647;
			files = (
				C45F9B032999C5A500C0D0E1 /* Stan.mp3 in Resources */,
				C45F9ADB2999B9BE00C0D0E1 /* LaunchScreen.storyboard in Resources */,
				C45F9AD82999B9BE00C0D0E1 /* Assets.xcassets in Resources */,
				C45F9AD62999B9BE00C0D0E1 /* Main.storyboard in Resources */,
			);
			runOnlyForDeploymentPostprocessing = 0;
		};
		C45F9ADF2999B9BF00C0D0E1 /* Resources */ = {
			isa = PBXResourcesBuildPhase;
			buildActionMask = 2147483647;
			files = (
			);
			runOnlyForDeploymentPostprocessing = 0;
		};
		C45F9AE92999B9BF00C0D0E1 /* Resources */ = {
			isa = PBXResourcesBuildPhase;
			buildActionMask = 2147483647;
			files = (
			);
			runOnlyForDeploymentPostprocessing = 0;
		};
/* End PBXResourcesBuildPhase section */

/* Begin PBXSourcesBuildPhase section */
		C45F9AC72999B9BE00C0D0E1 /* Sources */ = {
			isa = PBXSourcesBuildPhase;
			buildActionMask = 2147483647;
			files = (
				C45F9AD32999B9BE00C0D0E1 /* ViewController.swift in Sources */,
				C45F9ACF2999B9BE00C0D0E1 /* AppDelegate.swift in Sources */,
				C45F9AD12999B9BE00C0D0E1 /* SceneDelegate.swift in Sources */,
			);
			runOnlyForDeploymentPostprocessing = 0;
		};
		C45F9ADD2999B9BF00C0D0E1 /* Sources */ = {
			isa = PBXSourcesBuildPhase;
			buildActionMask = 2147483647;
			files = (
				C45F9AE62999B9BF00C0D0E1 /* alarmTests.swift in Sources */,
			);
			runOnlyForDeploymentPostprocessing = 0;
		};
		C45F9AE72999B9BF00C0D0E1 /* Sources */ = {
			isa = PBXSourcesBuildPhase;
			buildActionMask = 2147483647;
			files = (
				C45F9AF22999B9BF00C0D0E1 /* alarmUITestsLaunchTests.swift in Sources */,
				C45F9AF02999B9BF00C0D0E1 /* alarmUITests.swift in Sources */,
			);
			runOnlyForDeploymentPostprocessing = 0;
		};
/* End PBXSourcesBuildPhase section */

/* Begin PBXTargetDependency section */
		C45F9AE32999B9BF00C0D0E1 /* PBXTargetDependency */ = {
			isa = PBXTargetDependency;
			target = C45F9ACA2999B9BE00C0D0E1 /* alarm */;
			targetProxy = C45F9AE22999B9BF00C0D0E1 /* PBXContainerItemProxy */;
		};
		C45F9AED2999B9BF00C0D0E1 /* PBXTargetDependency */ = {
			isa = PBXTargetDependency;
			target = C45F9ACA2999B9BE00C0D0E1 /* alarm */;
			targetProxy = C45F9AEC2999B9BF00C0D0E1 /* PBXContainerItemProxy */;
		};
/* End PBXTargetDependency section */

/* Begin PBXVariantGroup section */
		C45F9AD42999B9BE00C0D0E1 /* Main.storyboard */ = {
			isa = PBXVariantGroup;
			children = (
				C45F9AD52999B9BE00C0D0E1 /* Base */,
			);
			name = Main.storyboard;
			sourceTree = "<group>";
		};
		C45F9AD92999B9BE00C0D0E1 /* LaunchScreen.storyboard */ = {
			isa = PBXVariantGroup;
			children = (
				C45F9ADA2999B9BE00C0D0E1 /* Base */,
			);
			name = LaunchScreen.storyboard;
			sourceTree = "<group>";
		};
/* End PBXVariantGroup section */

/* Begin XCBuildConfiguration section */
		C45F9AF32999B9BF00C0D0E1 /* Debug */ = {
			isa = XCBuildConfiguration;
			buildSettings = {
				ALWAYS_SEARCH_USER_PATHS = NO;
				CLANG_ANALYZER_NONNULL = YES;
				CLANG_ANALYZER_NUMBER_OBJECT_CONVERSION = YES_AGGRESSIVE;
				CLANG_CXX_LANGUAGE_STANDARD = "gnu++20";
				CLANG_ENABLE_MODULES = YES;
				CLANG_ENABLE_OBJC_ARC = YES;
				CLANG_ENABLE_OBJC_WEAK = YES;
				CLANG_WARN_BLOCK_CAPTURE_AUTORELEASING = YES;
				CLANG_WARN_BOOL_CONVERSION = YES;
				CLANG_WARN_COMMA = YES;
				CLANG_WARN_CONSTANT_CONVERSION = YES;
				CLANG_WARN_DEPRECATED_OBJC_IMPLEMENTATIONS = YES;
				CLANG_WARN_DIRECT_OBJC_ISA_USAGE = YES_ERROR;
				CLANG_WARN_DOCUMENTATION_COMMENTS = YES;
				CLANG_WARN_EMPTY_BODY = YES;
				CLANG_WARN_ENUM_CONVERSION = YES;
				CLANG_WARN_INFINITE_RECURSION = YES;
				CLANG_WARN_INT_CONVERSION = YES;
				CLANG_WARN_NON_LITERAL_NULL_CONVERSION = YES;
				CLANG_WARN_OBJC_IMPLICIT_RETAIN_SELF = YES;
				CLANG_WARN_OBJC_LITERAL_CONVERSION = YES;
				CLANG_WARN_OBJC_ROOT_CLASS = YES_ERROR;
				CLANG_WARN_QUOTED_INCLUDE_IN_FRAMEWORK_HEADER = YES;
				CLANG_WARN_RANGE_LOOP_ANALYSIS = YES;
				CLANG_WARN_STRICT_PROTOTYPES = YES;
				CLANG_WARN_SUSPICIOUS_MOVE = YES;
				CLANG_WARN_UNGUARDED_AVAILABILITY = YES_AGGRESSIVE;
				CLANG_WARN_UNREACHABLE_CODE = YES;
				CLANG_WARN__DUPLICATE_METHOD_MATCH = YES;
				COPY_PHASE_STRIP = NO;
				DEBUG_INFORMATION_FORMAT = dwarf;
				ENABLE_STRICT_OBJC_MSGSEND = YES;
				ENABLE_TESTABILITY = YES;
				GCC_C_LANGUAGE_STANDARD = gnu11;
				GCC_DYNAMIC_NO_PIC = NO;
				GCC_NO_COMMON_BLOCKS = YES;
				GCC_OPTIMIZATION_LEVEL = 0;
				GCC_PREPROCESSOR_DEFINITIONS = (
					"DEBUG=1",
					"$(inherited)",
				);
				GCC_WARN_64_TO_32_BIT_CONVERSION = YES;
				GCC_WARN_ABOUT_RETURN_TYPE = YES_ERROR;
				GCC_WARN_UNDECLARED_SELECTOR = YES;
				GCC_WARN_UNINITIALIZED_AUTOS = YES_AGGRESSIVE;
				GCC_WARN_UNUSED_FUNCTION = YES;
				GCC_WARN_UNUSED_VARIABLE = YES;
				IPHONEOS_DEPLOYMENT_TARGET = 16.2;
				MTL_ENABLE_DEBUG_INFO = INCLUDE_SOURCE;
				MTL_FAST_MATH = YES;
				ONLY_ACTIVE_ARCH = YES;
				SDKROOT = iphoneos;
				SWIFT_ACTIVE_COMPILATION_CONDITIONS = DEBUG;
				SWIFT_OPTIMIZATION_LEVEL = "-Onone";
			};
			name = Debug;
		};
		C45F9AF42999B9BF00C0D0E1 /* Release */ = {
			isa = XCBuildConfiguration;
			buildSettings = {
				ALWAYS_SEARCH_USER_PATHS = NO;
				CLANG_ANALYZER_NONNULL = YES;
				CLANG_ANALYZER_NUMBER_OBJECT_CONVERSION = YES_AGGRESSIVE;
				CLANG_CXX_LANGUAGE_STANDARD = "gnu++20";
				CLANG_ENABLE_MODULES = YES;
				CLANG_ENABLE_OBJC_ARC = YES;
				CLANG_ENABLE_OBJC_WEAK = YES;
				CLANG_WARN_BLOCK_CAPTURE_AUTORELEASING = YES;
				CLANG_WARN_BOOL_CONVERSION = YES;
				CLANG_WARN_COMMA = YES;
				CLANG_WARN_CONSTANT_CONVERSION = YES;
				CLANG_WARN_DEPRECATED_OBJC_IMPLEMENTATIONS = YES;
				CLANG_WARN_DIRECT_OBJC_ISA_USAGE = YES_ERROR;
				CLANG_WARN_DOCUMENTATION_COMMENTS = YES;
				CLANG_WARN_EMPTY_BODY = YES;
				CLANG_WARN_ENUM_CONVERSION = YES;
				CLANG_WARN_INFINITE_RECURSION = YES;
				CLANG_WARN_INT_CONVERSION = YES;
				CLANG_WARN_NON_LITERAL_NULL_CONVERSION = YES;
				CLANG_WARN_OBJC_IMPLICIT_RETAIN_SELF = YES;
				CLANG_WARN_OBJC_LITERAL_CONVERSION = YES;
				CLANG_WARN_OBJC_ROOT_CLASS = YES_ERROR;
				CLANG_WARN_QUOTED_INCLUDE_IN_FRAMEWORK_HEADER = YES;
				CLANG_WARN_RANGE_LOOP_ANALYSIS = YES;
				CLANG_WARN_STRICT_PROTOTYPES = YES;
				CLANG_WARN_SUSPICIOUS_MOVE = YES;
				CLANG_WARN_UNGUARDED_AVAILABILITY = YES_AGGRESSIVE;
				CLANG_WARN_UNREACHABLE_CODE = YES;
				CLANG_WARN__DUPLICATE_METHOD_MATCH = YES;
				COPY_PHASE_STRIP = NO;
				DEBUG_INFORMATION_FORMAT = "dwarf-with-dsym";
				ENABLE_NS_ASSERTIONS = NO;
				ENABLE_STRICT_OBJC_MSGSEND = YES;
				GCC_C_LANGUAGE_STANDARD = gnu11;
				GCC_NO_COMMON_BLOCKS = YES;
				GCC_WARN_64_TO_32_BIT_CONVERSION = YES;
				GCC_WARN_ABOUT_RETURN_TYPE = YES_ERROR;
				GCC_WARN_UNDECLARED_SELECTOR = YES;
				GCC_WARN_UNINITIALIZED_AUTOS = YES_AGGRESSIVE;
				GCC_WARN_UNUSED_FUNCTION = YES;
				GCC_WARN_UNUSED_VARIABLE = YES;
				IPHONEOS_DEPLOYMENT_TARGET = 16.2;
				MTL_ENABLE_DEBUG_INFO = NO;
				MTL_FAST_MATH = YES;
				SDKROOT = iphoneos;
				SWIFT_COMPILATION_MODE = wholemodule;
				SWIFT_OPTIMIZATION_LEVEL = "-O";
				VALIDATE_PRODUCT = YES;
			};
			name = Release;
		};
		C45F9AF62999B9BF00C0D0E1 /* Debug */ = {
			isa = XCBuildConfiguration;
			buildSettings = {
				ASSETCATALOG_COMPILER_APPICON_NAME = AppIcon;
				ASSETCATALOG_COMPILER_GLOBAL_ACCENT_COLOR_NAME = AccentColor;
				CODE_SIGN_STYLE = Automatic;
				CURRENT_PROJECT_VERSION = 1;
				DEVELOPMENT_TEAM = 9BBZ3F39P6;
				GENERATE_INFOPLIST_FILE = YES;
				INFOPLIST_FILE = alarm/Info.plist;
				INFOPLIST_KEY_UIApplicationSupportsIndirectInputEvents = YES;
				INFOPLIST_KEY_UILaunchStoryboardName = LaunchScreen;
				INFOPLIST_KEY_UIMainStoryboardFile = Main;
				INFOPLIST_KEY_UISupportedInterfaceOrientations_iPad = "UIInterfaceOrientationPortrait UIInterfaceOrientationPortraitUpsideDown UIInterfaceOrientationLandscapeLeft UIInterfaceOrientationLandscapeRight";
				INFOPLIST_KEY_UISupportedInterfaceOrientations_iPhone = "UIInterfaceOrientationPortrait UIInterfaceOrientationLandscapeLeft UIInterfaceOrientationLandscapeRight";
				LD_RUNPATH_SEARCH_PATHS = (
					"$(inherited)",
					"@executable_path/Frameworks",
				);
				MARKETING_VERSION = 1.0;
				PRODUCT_BUNDLE_IDENTIFIER = "-.alarm1";
				PRODUCT_NAME = "$(TARGET_NAME)";
				SWIFT_EMIT_LOC_STRINGS = YES;
				SWIFT_VERSION = 5.0;
				TARGETED_DEVICE_FAMILY = "1,2";
			};
			name = Debug;
		};
		C45F9AF72999B9BF00C0D0E1 /* Release */ = {
			isa = XCBuildConfiguration;
			buildSettings = {
				ASSETCATALOG_COMPILER_APPICON_NAME = AppIcon;
				ASSETCATALOG_COMPILER_GLOBAL_ACCENT_COLOR_NAME = AccentColor;
				CODE_SIGN_STYLE = Automatic;
				CURRENT_PROJECT_VERSION = 1;
				DEVELOPMENT_TEAM = 9BBZ3F39P6;
				GENERATE_INFOPLIST_FILE = YES;
				INFOPLIST_FILE = alarm/Info.plist;
				INFOPLIST_KEY_UIApplicationSupportsIndirectInputEvents = YES;
				INFOPLIST_KEY_UILaunchStoryboardName = LaunchScreen;
				INFOPLIST_KEY_UIMainStoryboardFile = Main;
				INFOPLIST_KEY_UISupportedInterfaceOrientations_iPad = "UIInterfaceOrientationPortrait UIInterfaceOrientationPortraitUpsideDown UIInterfaceOrientationLandscapeLeft UIInterfaceOrientationLandscapeRight";
				INFOPLIST_KEY_UISupportedInterfaceOrientations_iPhone = "UIInterfaceOrientationPortrait UIInterfaceOrientationLandscapeLeft UIInterfaceOrientationLandscapeRight";
				LD_RUNPATH_SEARCH_PATHS = (
					"$(inherited)",
					"@executable_path/Frameworks",
				);
				MARKETING_VERSION = 1.0;
				PRODUCT_BUNDLE_IDENTIFIER = "-.alarm1";
				PRODUCT_NAME = "$(TARGET_NAME)";
				SWIFT_EMIT_LOC_STRINGS = YES;
				SWIFT_VERSION = 5.0;
				TARGETED_DEVICE_FAMILY = "1,2";
			};
			name = Release;
		};
		C45F9AF92999B9BF00C0D0E1 /* Debug */ = {
			isa = XCBuildConfiguration;
			buildSettings = {
				ALWAYS_EMBED_SWIFT_STANDARD_LIBRARIES = YES;
				BUNDLE_LOADER = "$(TEST_HOST)";
				CODE_SIGN_STYLE = Automatic;
				CURRENT_PROJECT_VERSION = 1;
				GENERATE_INFOPLIST_FILE = YES;
				IPHONEOS_DEPLOYMENT_TARGET = 16.2;
				MARKETING_VERSION = 1.0;
				PRODUCT_BUNDLE_IDENTIFIER = "-.alarmTests";
				PRODUCT_NAME = "$(TARGET_NAME)";
				SWIFT_EMIT_LOC_STRINGS = NO;
				SWIFT_VERSION = 5.0;
				TARGETED_DEVICE_FAMILY = "1,2";
				TEST_HOST = "$(BUILT_PRODUCTS_DIR)/alarm.app/$(BUNDLE_EXECUTABLE_FOLDER_PATH)/alarm";
			};
			name = Debug;
		};
		C45F9AFA2999B9BF00C0D0E1 /* Release */ = {
			isa = XCBuildConfiguration;
			buildSettings = {
				ALWAYS_EMBED_SWIFT_STANDARD_LIBRARIES = YES;
				BUNDLE_LOADER = "$(TEST_HOST)";
				CODE_SIGN_STYLE = Automatic;
				CURRENT_PROJECT_VERSION = 1;
				GENERATE_INFOPLIST_FILE = YES;
				IPHONEOS_DEPLOYMENT_TARGET = 16.2;
				MARKETING_VERSION = 1.0;
				PRODUCT_BUNDLE_IDENTIFIER = "-.alarmTests";
				PRODUCT_NAME = "$(TARGET_NAME)";
				SWIFT_EMIT_LOC_STRINGS = NO;
				SWIFT_VERSION = 5.0;
				TARGETED_DEVICE_FAMILY = "1,2";
				TEST_HOST = "$(BUILT_PRODUCTS_DIR)/alarm.app/$(BUNDLE_EXECUTABLE_FOLDER_PATH)/alarm";
			};
			name = Release;
		};
		C45F9AFC2999B9BF00C0D0E1 /* Debug */ = {
			isa = XCBuildConfiguration;
			buildSettings = {
				ALWAYS_EMBED_SWIFT_STANDARD_LIBRARIES = YES;
				CODE_SIGN_STYLE = Automatic;
				CURRENT_PROJECT_VERSION = 1;
				GENERATE_INFOPLIST_FILE = YES;
				MARKETING_VERSION = 1.0;
				PRODUCT_BUNDLE_IDENTIFIER = "-.alarmUITests";
				PRODUCT_NAME = "$(TARGET_NAME)";
				SWIFT_EMIT_LOC_STRINGS = NO;
				SWIFT_VERSION = 5.0;
				TARGETED_DEVICE_FAMILY = "1,2";
				TEST_TARGET_NAME = alarm;
			};
			name = Debug;
		};
		C45F9AFD2999B9BF00C0D0E1 /* Release */ = {
			isa = XCBuildConfiguration;
			buildSettings = {
				ALWAYS_EMBED_SWIFT_STANDARD_LIBRARIES = YES;
				CODE_SIGN_STYLE = Automatic;
				CURRENT_PROJECT_VERSION = 1;
				GENERATE_INFOPLIST_FILE = YES;
				MARKETING_VERSION = 1.0;
				PRODUCT_BUNDLE_IDENTIFIER = "-.alarmUITests";
				PRODUCT_NAME = "$(TARGET_NAME)";
				SWIFT_EMIT_LOC_STRINGS = NO;
				SWIFT_VERSION = 5.0;
				TARGETED_DEVICE_FAMILY = "1,2";
				TEST_TARGET_NAME = alarm;
			};
			name = Release;
		};
/* End XCBuildConfiguration section */

/* Begin XCConfigurationList section */
		C45F9AC62999B9BD00C0D0E1 /* Build configuration list for PBXProject "alarm" */ = {
			isa = XCConfigurationList;
			buildConfigurations = (
				C45F9AF32999B9BF00C0D0E1 /* Debug */,
				C45F9AF42999B9BF00C0D0E1 /* Release */,
			);
			defaultConfigurationIsVisible = 0;
			defaultConfigurationName = Release;
		};
		C45F9AF52999B9BF00C0D0E1 /* Build configuration list for PBXNativeTarget "alarm" */ = {
			isa = XCConfigurationList;
			buildConfigurations = (
				C45F9AF62999B9BF00C0D0E1 /* Debug */,
				C45F9AF72999B9BF00C0D0E1 /* Release */,
			);
			defaultConfigurationIsVisible = 0;
			defaultConfigurationName = Release;
		};
		C45F9AF82999B9BF00C0D0E1 /* Build configuration list for PBXNativeTarget "alarmTests" */ = {
			isa = XCConfigurationList;
			buildConfigurations = (
				C45F9AF92999B9BF00C0D0E1 /* Debug */,
				C45F9AFA2999B9BF00C0D0E1 /* Release */,
			);
			defaultConfigurationIsVisible = 0;
			defaultConfigurationName = Release;
		};
		C45F9AFB2999B9BF00C0D0E1 /* Build configuration list for PBXNativeTarget "alarmUITests" */ = {
			isa = XCConfigurationList;
			buildConfigurations = (
				C45F9AFC2999B9BF00C0D0E1 /* Debug */,
				C45F9AFD2999B9BF00C0D0E1 /* Release */,
			);
			defaultConfigurationIsVisible = 0;
			defaultConfigurationName = Release;
		};
/* End XCConfigurationList section */
	};
	rootObject = C45F9AC32999B9BD00C0D0E1 /* Project object */;
}
